lockfileVersion: '9.0'

settings:
  autoInstallPeers: true
  excludeLinksFromLockfile: false

overrides:
  protobufjs: ^8.4.2

importers:

  .:
    dependencies:
      '@github/copilot-sdk':
        specifier: ^0.3.0
        version: 0.3.0
      vscode-jsonrpc:
        specifier: ^8.2.1
        version: 8.2.1
    devDependencies:
      '@types/node':
        specifier: ^22.0.0
        version: 22.19.19
      '@types/sql.js':
        specifier: ^1.4.10
        version: 1.4.11
      '@types/ws':
        specifier: ^8.5.13
        version: 8.18.1
      typedoc:
        specifier: ~0.28.18
        version: 0.28.19(typescript@5.9.3)
      typedoc-plugin-markdown:
        specifier: ~4.11.0
        version: 4.11.0(typedoc@0.28.19(typescript@5.9.3))
      typescript:
        specifier: ^5.7.0
        version: 5.9.3
    optionalDependencies:
      '@opentelemetry/api':
        specifier: ^1.9.0
        version: 1.9.1
      '@opentelemetry/exporter-metrics-otlp-grpc':
        specifier: ^0.217.0
        version: 0.217.0(@opentelemetry/api@1.9.1)
      '@opentelemetry/exporter-trace-otlp-grpc':
        specifier: ^0.217.0
        version: 0.217.0(@opentelemetry/api@1.9.1)
      '@opentelemetry/resources':
        specifier: ^2.7.0
        version: 2.7.1(@opentelemetry/api@1.9.1)
      '@opentelemetry/sdk-metrics':
        specifier: ^2.7.0
        version: 2.7.1(@opentelemetry/api@1.9.1)
      '@opentelemetry/sdk-node':
        specifier: ^0.217.0
        version: 0.217.0(@opentelemetry/api@1.9.1)
      '@opentelemetry/sdk-trace-base':
        specifier: ^2.7.0
        version: 2.7.1(@opentelemetry/api@1.9.1)
      '@opentelemetry/sdk-trace-node':
        specifier: ^2.7.0
        version: 2.7.1(@opentelemetry/api@1.9.1)
      '@opentelemetry/semantic-conventions':
        specifier: ^1.37.0
        version: 1.41.1
      sql.js:
        specifier: ^1.14.1
        version: 1.14.1
      ws:
        specifier: ^8.18.0
        version: 8.21.0

packages:

  '@gerrit0/mini-shiki@3.23.0':
    resolution: {integrity: sha512-bEMORlG0cqdjVyCEuU0cDQbORWX+kYCeo0kV1lbxF5bt4r7SID2l9bqsxJEM0zndaxpOUT7riCyIVEuqq/Ynxg==}

  '@github/copilot-darwin-arm64@1.0.52':
    resolution: {integrity: sha512-Jj0skAY5a9IQEaNHd1KdjkVhRSpmsSU4325BQ6XCgpo22pmg1Rk9Xc7cI29T6lCrn+KjksVvtPJq/lSNF2mHPw==}
    cpu: [arm64]
    os: [darwin]
    hasBin: true

  '@github/copilot-darwin-x64@1.0.52':
    resolution: {integrity: sha512-vWzjLOKmwUTzyd3X8iR+I4c88EOH2r83Q6WN+0NgelqrzbhMHgMLJIbwTeKjN7egvribciYg6xeLFNo+0ClCkg==}
    cpu: [x64]
    os: [darwin]
    hasBin: true

  '@github/copilot-linux-arm64@1.0.52':
    resolution: {integrity: sha512-x6Pew1dMeKxNZMkaTC7VLxmD/X4zQiWQFTzMRYaqD2o5s0rqYYwy9ROP1+n3X6eaYWUp0FMKibdsiqjmZft+vw==}
    cpu: [arm64]
    os: [linux]
    hasBin: true

  '@github/copilot-linux-x64@1.0.52':
    resolution: {integrity: sha512-dwZj/MeXNsLTYIp7A53xYTULvl+xspqZqqeiqhsW7KyGe8VT6QQ3bJj7qmOSEwOkmALuA4sPwBlTT3X0Ozbocw==}
    cpu: [x64]
    os: [linux]
    hasBin: true

  '@github/copilot-linuxmusl-arm64@1.0.52':
    resolution: {integrity: sha512-QBhLnWhtH8qjsfeDqE5Bn5KGCH3fLEIRHbHfOd3UPyapBKTA+pBA/6FQGjvOkzwMeKKtTBeRBQ9hCoQm+Vrr2A==}
    cpu: [arm64]
    os: [linux]
    hasBin: true

  '@github/copilot-linuxmusl-x64@1.0.52':
    resolution: {integrity: sha512-mdA5VfgX0XfMU3zwnAg0Wf3lQ/vkRZOmm7h69N/1jgRftMghm5WW3xfrBDkANta9J7YLl8YBPwRZAPzw2TYZEg==}
    cpu: [x64]
    os: [linux]
    hasBin: true

  '@github/copilot-sdk@0.3.0':
    resolution: {integrity: sha512-SUo35k56pzzgYgwmDPHcu7kZxPrzXbH66IWXaEf6pmb94DlA709F82HrrDeja087TL4djJ9OuvRFWWOKCosAsg==}
    engines: {node: '>=20.0.0'}

  '@github/copilot-win32-arm64@1.0.52':
    resolution: {integrity: sha512-Anl7/k4uudsE2Kc4nYFh4AJegcudt9I4od4OBwjQF6kR/VGXsgKtW6b15o8R4F3HWqXIcMwwyGq7Oov+NYVLqQ==}
    cpu: [arm64]
    os: [win32]
    hasBin: true

  '@github/copilot-win32-x64@1.0.52':
    resolution: {integrity: sha512-rOTQk57EdhnoVKn5JlQBhurAJIRJ7GLm/jMGxrTktY2Le+bcdAyBzWZtIHiy5E9CXbpISBtUe63Coa5Tyumf6w==}
    cpu: [x64]
    os: [win32]
    hasBin: true

  '@github/copilot@1.0.52':
    resolution: {integrity: sha512-n6NAIVhosend+3UGYXW3Ltigeum2toUsV24RDgxjkdkLV1DVgp6+2OWCXdk3HTXZ0t/eWMvgBezRFbRr8N4Z6g==}
    hasBin: true

  '@grpc/grpc-js@1.14.4':
    resolution: {integrity: sha512-k9Dj3DV/itK9D06Y8f190Qgop7/Ui+D0njFV3LHMPwPT75DpXLQohE9Wmz0QElrJnzsjB7KPWiKJbOl7IPDArQ==}
    engines: {node: '>=12.10.0'}

  '@grpc/proto-loader@0.8.1':
    resolution: {integrity: sha512-wtF6h+DY6M3YaDBPAmvuuA6jV8Sif9MjtOI5euKFWRgCDl5PeDpPsHR9u2l6St5ceY8AZgoNDww5+HvEsXFsGg==}
    engines: {node: '>=6'}
    hasBin: true

  '@js-sdsl/ordered-map@4.4.2':
    resolution: {integrity: sha512-iUKgm52T8HOE/makSxjqoWhe95ZJA1/G1sYsGev2JDKUSS14KAgg1LHb+Ba+IPow0xflbnSkOsZcO08C7w1gYw==}

  '@opentelemetry/api-logs@0.217.0':
    resolution: {integrity: sha512-Cdq0jW2lknrNfrAm92MyEAvpe2cRsKjdnQLHUL6xRA4IVUnsWx6P65E7NcUO0Y+L4w1Aee5iV8FvjSwd+lrs9A==}
    engines: {node: '>=8.0.0'}

  '@opentelemetry/api@1.9.1':
    resolution: {integrity: sha512-gLyJlPHPZYdAk1JENA9LeHejZe1Ti77/pTeFm/nMXmQH/HFZlcS/O2XJB+L8fkbrNSqhdtlvjBVjxwUYanNH5Q==}
    engines: {node: '>=8.0.0'}

  '@opentelemetry/configuration@0.217.0':
    resolution: {integrity: sha512-xCtrYOhBqdy6ZOMfe0Oa73ZKF+2LMhoOv4L5vmwAHVvOXUg+V3fvKuEIr9ZyD0Ow+vxllEjWO6PV1wd0DOtyvw==}
    engines: {node: ^18.19.0 || >=20.6.0}
    peerDependencies:
      '@opentelemetry/api': ^1.9.0

  '@opentelemetry/context-async-hooks@2.7.1':
    resolution: {integrity: sha512-OPFBYuXEn1E4ja3Y6eeA7O+ZnLBNcXTV5Cgsn1VaqBZ6hC5FnpZPLBNme1LJY8ZtF4aOujPKFoeWN4ik487KuQ==}
    engines: {node: ^18.19.0 || >=20.6.0}
    peerDependencies:
      '@opentelemetry/api': '>=1.0.0 <1.10.0'

  '@opentelemetry/core@2.7.1':
    resolution: {integrity: sha512-QAqIj32AtK6+pEVNG7EOVxHdE06RP+FM5qpiEJ4RtDcFIqKUZHYhl7/7UY5efhwmwNAg7j8QbJVBLxMerc0+gw==}
    engines: {node: ^18.19.0 || >=20.6.0}
    peerDependencies:
      '@opentelemetry/api': '>=1.0.0 <1.10.0'

  '@opentelemetry/exporter-logs-otlp-grpc@0.217.0':
    resolution: {integrity: sha512-vC5S0Dc+noxD86CVtNu1+awCHPA5Kewi1Sg23ps+9lh4YifwsKXh3pe4XTNEKtUJiAcjpJ5dqStGakLbrSE+YQ==}
    engines: {node: ^18.19.0 || >=20.6.0}
    peerDependencies:
      '@opentelemetry/api': ^1.3.0

  '@opentelemetry/exporter-logs-otlp-http@0.217.0':
    resolution: {integrity: sha512-KfLAdt1uilVE+3FxbgVnp2ZrzqbIawzcesnRoi+Kh9ckB5Ld5D8btUgoBvwTbdmuNx1j6b132Wsh72azq+pPNQ==}
    engines: {node: ^18.19.0 || >=20.6.0}
    peerDependencies:
      '@opentelemetry/api': ^1.3.0

  '@opentelemetry/exporter-logs-otlp-proto@0.217.0':
    resolution: {integrity: sha512-Se0GG/ZO24mQTlQj7zprR4pNI0nKe4lPDPBsuJmi6508b9TlZEuUd3EfyuHk6oJxzL7fGyDFYAbxNigQvRP2ZQ==}
    engines: {node: ^18.19.0 || >=20.6.0}
    peerDependencies:
      '@opentelemetry/api': ^1.3.0

  '@opentelemetry/exporter-metrics-otlp-grpc@0.217.0':
    resolution: {integrity: sha512-0GpJKnCoVaVA1rKBMVPHziznfOQlXgH72S9ktjBAF1AnAVPzX7vVEBGrhwiSxxHDAiefXk+J8znApsMb/K6Z3w==}
    engines: {node: ^18.19.0 || >=20.6.0}
    peerDependencies:
      '@opentelemetry/api': ^1.3.0

  '@opentelemetry/exporter-metrics-otlp-http@0.217.0':
    resolution: {integrity: sha512-1zkMzzhiNJdVmLxuwkltqWGw4fOOam47bqRxmuQNjyKJe/9NmY5cIrZ4kiQV7sVGxoOgT0ZvGUfLcjvtpC/b9Q==}
    engines: {node: ^18.19.0 || >=20.6.0}
    peerDependencies:
      '@opentelemetry/api': ^1.3.0

  '@opentelemetry/exporter-metrics-otlp-proto@0.217.0':
    resolution: {integrity: sha512-nfxt/KxVGFkjkO/M+58y1ugHu/dwPtxG4eYq0KApcQ7xk5CHzhdn+IuLZfDSvNDrJ3Uy5q++Fj/wbK7i8yryfQ==}
    engines: {node: ^18.19.0 || >=20.6.0}
    peerDependencies:
      '@opentelemetry/api': ^1.3.0

  '@opentelemetry/exporter-prometheus@0.217.0':
    resolution: {integrity: sha512-U9MCXxJu0sBCh5aEkylYRR4xVIL8D1CW6dGwvYXbfFr0qveSorfD0XJchCAWoW6QfAAIcY/yxjf4Dj8OgkHBPw==}
    engines: {node: ^18.19.0 || >=20.6.0}
    peerDependencies:
      '@opentelemetry/api': ^1.3.0

  '@opentelemetry/exporter-trace-otlp-grpc@0.217.0':
    resolution: {integrity: sha512-fPZs2fw7veLH3pEKu8vSepUa2fQpAE2P7al6qU10aH9GrEJJ8YaPgsd5xON7by5rbcEVS71FOU2aWyK6nzB7VQ==}
    engines: {node: ^18.19.0 || >=20.6.0}
    peerDependencies:
      '@opentelemetry/api': ^1.3.0

  '@opentelemetry/exporter-trace-otlp-http@0.217.0':
    resolution: {integrity: sha512-38YQoqtYjglz2GV94LGUN/djLvxtvGIQO68o6qAFPVshjmwSdX1F2i0c7vn3lEl1L5B/YqjB/bgKXaVx7KO+RQ==}
    engines: {node: ^18.19.0 || >=20.6.0}
    peerDependencies:
      '@opentelemetry/api': ^1.3.0

  '@opentelemetry/exporter-trace-otlp-proto@0.217.0':
    resolution: {integrity: sha512-nPV8gKHUiSuTZpQcnZU3/pBlK7crSyEGpZuh5MtWySB0vv6NNG0QvvfKitQt+Fc2Mc6qfyU54KlZcurwoTbrVg==}
    engines: {node: ^18.19.0 || >=20.6.0}
    peerDependencies:
      '@opentelemetry/api': ^1.3.0

  '@opentelemetry/exporter-zipkin@2.7.1':
    resolution: {integrity: sha512-mfsD9bKAxcKrh5+y08TPodvClBO0CznBE3p79YAGnO81WI4LrdsGA65T53e4iTSbCalW4WaUpkbeJcbpyIUHfg==}
    engines: {node: ^18.19.0 || >=20.6.0}
    peerDependencies:
      '@opentelemetry/api': ^1.0.0

  '@opentelemetry/instrumentation@0.217.0':
    resolution: {integrity: sha512-24ucQMjz7Y34Kw3trbxL2ZrssbtgWnR+Clpaa+YdeWuuyH3Cvk23Q03PcQvqiZrDvt8AmQmjgg9v6Y9PHoxG7w==}
    engines: {node: ^18.19.0 || >=20.6.0}
    peerDependencies:
      '@opentelemetry/api': ^1.3.0

  '@opentelemetry/otlp-exporter-base@0.217.0':
    resolution: {integrity: sha512-eYfqnB3UhKu/5frhd1R6+FprKygbhkomuaceMXDyzxbfXB9tKgZOVmjaJ02CkLA6Tdzumxl+e2H+vo2a8jiMPQ==}
    engines: {node: ^18.19.0 || >=20.6.0}
    peerDependencies:
      '@opentelemetry/api': ^1.3.0

  '@opentelemetry/otlp-grpc-exporter-base@0.217.0':
    resolution: {integrity: sha512-7RTAdZuOsCDnsyqTCG4+bDzrfnsWdzkRs7z0AVi/V3tEQx0oKeyc+OuRWYxnRsmaJXgxcmB8vb/lfxn58Dj6Ag==}
    engines: {node: ^18.19.0 || >=20.6.0}
    peerDependencies:
      '@opentelemetry/api': ^1.3.0

  '@opentelemetry/otlp-transformer@0.217.0':
    resolution: {integrity: sha512-MKK8UHKFUOGAvbZRWh90MhwHG+Fxm6OROBdjKPCF+HQobjuJ/Kuf8Chs8CR45X1aqotxrMj7OxTdsXe8sXuGVA==}
    engines: {node: ^18.19.0 || >=20.6.0}
    peerDependencies:
      '@opentelemetry/api': ^1.3.0

  '@opentelemetry/propagator-b3@2.7.1':
    resolution: {integrity: sha512-RJid6E2CKyeGfKBzXKF21ejabGMHypFkPAh3qZ+NvI+SGjuIye79t3PmiqcDgtRzdKH6ynXzbfslQ8DfpRUg2A==}
    engines: {node: ^18.19.0 || >=20.6.0}
    peerDependencies:
      '@opentelemetry/api': '>=1.0.0 <1.10.0'

  '@opentelemetry/propagator-jaeger@2.7.1':
    resolution: {integrity: sha512-KMjVBHzP4N60bOzxja76M1F1hZZ43lGPga5ix+mkv9+kk1nx9SbkxSvJsMbuVUxdPQmsPTqGShmhN8ulrMOg6Q==}
    engines: {node: ^18.19.0 || >=20.6.0}
    peerDependencies:
      '@opentelemetry/api': '>=1.0.0 <1.10.0'

  '@opentelemetry/resources@2.7.1':
    resolution: {integrity: sha512-DeT6KKolmC4e/dRQvMQ/RwlnzhaqeiFOXY5ngoOPJ07GgVVKxZOg9EcrNZb5aTzUn+iCrJldAgOfQm1O/QfPAQ==}
    engines: {node: ^18.19.0 || >=20.6.0}
    peerDependencies:
      '@opentelemetry/api': '>=1.3.0 <1.10.0'

  '@opentelemetry/sdk-logs@0.217.0':
    resolution: {integrity: sha512-BB+PcHItcZDL63dPMW+mJvwN9rk37wuIDjRxbVlg6pPDvDR/7GL7UJHbGsllgoggOoTimsKgENaWPoGch/oE1A==}
    engines: {node: ^18.19.0 || >=20.6.0}
    peerDependencies:
      '@opentelemetry/api': '>=1.4.0 <1.10.0'

  '@opentelemetry/sdk-metrics@2.7.1':
    resolution: {integrity: sha512-MpDJdkiFDs3Pm1RHO3KByuZbuBdJEXEAkiC0+yJdsZGVCdf1RpHR6n+LHDcS7ffmfrt5kVCzJSCfm4z2C7v0uQ==}
    engines: {node: ^18.19.0 || >=20.6.0}
    peerDependencies:
      '@opentelemetry/api': '>=1.9.0 <1.10.0'

  '@opentelemetry/sdk-node@0.217.0':
    resolution: {integrity: sha512-K/60pSv42+NQiZKy1pAH18nYDkxltsDV4O3SJ233J0E9raU1ksyL9gsKuS8p30bYBb4AMPCfDuutHQaHYpcv0Q==}
    engines: {node: ^18.19.0 || >=20.6.0}
    peerDependencies:
      '@opentelemetry/api': '>=1.3.0 <1.10.0'

  '@opentelemetry/sdk-trace-base@2.7.1':
    resolution: {integrity: sha512-NAYIlsF8MPUsKqJMiDQJTMPOmlbawC1Iz/omMLygZ1C9am8fTKYjTaI+OZM+WTY3t3Glo0wnOg/6/pac6RGPPw==}
    engines: {node: ^18.19.0 || >=20.6.0}
    peerDependencies:
      '@opentelemetry/api': '>=1.3.0 <1.10.0'

  '@opentelemetry/sdk-trace-node@2.7.1':
    resolution: {integrity: sha512-pCpQxU68lV+I9s9svqMyVu5iHdDDUnqUpSxqwyCU8A9ejEsSnMPCbearwsUO4yk08ZJzAIUCFuReMdVQvHrdvg==}
    engines: {node: ^18.19.0 || >=20.6.0}
    peerDependencies:
      '@opentelemetry/api': '>=1.0.0 <1.10.0'

  '@opentelemetry/semantic-conventions@1.41.1':
    resolution: {integrity: sha512-/UhIkaZgPutTFmQ7RnIJGgDXZmtEJ7Dvi86xNTFWcnRxVRNk/aotsqDJYeEvDP+FSMB2SdW+pQzNMcWP0rwuNA==}
    engines: {node: '>=14'}

  '@shikijs/engine-oniguruma@3.23.0':
    resolution: {integrity: sha512-1nWINwKXxKKLqPibT5f4pAFLej9oZzQTsby8942OTlsJzOBZ0MWKiwzMsd+jhzu8YPCHAswGnnN1YtQfirL35g==}

  '@shikijs/langs@3.23.0':
    resolution: {integrity: sha512-2Ep4W3Re5aB1/62RSYQInK9mM3HsLeB91cHqznAJMuylqjzNVAVCMnNWRHFtcNHXsoNRayP9z1qj4Sq3nMqYXg==}

  '@shikijs/themes@3.23.0':
    resolution: {integrity: sha512-5qySYa1ZgAT18HR/ypENL9cUSGOeI2x+4IvYJu4JgVJdizn6kG4ia5Q1jDEOi7gTbN4RbuYtmHh0W3eccOrjMA==}

  '@shikijs/types@3.23.0':
    resolution: {integrity: sha512-3JZ5HXOZfYjsYSk0yPwBrkupyYSLpAE26Qc0HLghhZNGTZg/SKxXIIgoxOpmmeQP0RRSDJTk1/vPfw9tbw+jSQ==}

  '@shikijs/vscode-textmate@10.0.2':
    resolution: {integrity: sha512-83yeghZ2xxin3Nj8z1NMd/NCuca+gsYXswywDy5bHvwlWL8tpTQmzGeUuHd9FC3E/SBEMvzJRwWEOz5gGes9Qg==}

  '@types/emscripten@1.41.5':
    resolution: {integrity: sha512-cMQm7pxu6BxtHyqJ7mQZ2kXWV5SLmugybFdHCBbJ5eHzOo6VhBckEgAT3//rP5FwPHNPeEiq4SmQ5ucBwsOo4Q==}

  '@types/hast@3.0.4':
    resolution: {integrity: sha512-WPs+bbQw5aCj+x6laNGWLH3wviHtoCv/P3+otBhbOhJgG8qtpdAMlTCxLtsTWA7LH1Oh/bFCHsBn0TPS5m30EQ==}

  '@types/node@22.19.19':
    resolution: {integrity: sha512-dyh/xO2Fh5bYrfWaaqGrRQQGkNdmYw6AmaAUvYeUMNTWQtvb796ikLdmTchRmOlOiIJ1TDXfWgVx1QkUlQ6Hew==}

  '@types/sql.js@1.4.11':
    resolution: {integrity: sha512-QXIx38p2ZThJaK9vP5ZdqdlRe1FG9I8SmCZOS7FHfB/2qPAjZwkL7/vlfPg6N/oWHuuOaGg/P/IRwfP2W0kWVQ==}

  '@types/unist@3.0.3':
    resolution: {integrity: sha512-ko/gIFJRv177XgZsZcBwnqJN5x/Gien8qNOn0D5bQU/zAzVf9Zt3BlcUiLqhV9y4ARk0GbT3tnUiPNgnTXzc/Q==}

  '@types/ws@8.18.1':
    resolution: {integrity: sha512-ThVF6DCVhA8kUGy+aazFQ4kXQ7E1Ty7A3ypFOe0IcJV8O/M511G99AW24irKrW56Wt44yG9+ij8FaqoBGkuBXg==}

  acorn-import-attributes@1.9.5:
    resolution: {integrity: sha512-n02Vykv5uA3eHGM/Z2dQrcD56kL8TyDb2p1+0P83PClMnC/nc+anbQRhIOWnSq4Ke/KvDPrY3C9hDtC/A3eHnQ==}
    peerDependencies:
      acorn: ^8

  acorn@8.16.0:
    resolution: {integrity: sha512-UVJyE9MttOsBQIDKw1skb9nAwQuR5wuGD3+82K6JgJlm/Y+KI92oNsMNGZCYdDsVtRHSak0pcV5Dno5+4jh9sw==}
    engines: {node: '>=0.4.0'}
    hasBin: true

  ansi-regex@5.0.1:
    resolution: {integrity: sha512-quJQXlTSUGL2LH9SUXo8VwsY4soanhgo6LNSm84E1LBcE8s3O0wpdiRzyR9z/ZZJMlMWv37qOOb9pdJlMUEKFQ==}
    engines: {node: '>=8'}

  ansi-styles@4.3.0:
    resolution: {integrity: sha512-zbB9rCJAT1rbjiVDb2hqKFHNYLxgtk8NURxZ3IZwD3F6NtxbXZQCnnSi1Lkx+IDohdPlFp222wVALIheZJQSEg==}
    engines: {node: '>=8'}

  argparse@2.0.1:
    resolution: {integrity: sha512-8+9WqebbFzpX9OR+Wa6O29asIogeRMzcGtAINdpMHHyAg10f05aSFVBbcEqGf/PXw1EjAZ+q2/bEBg3DvurK3Q==}

  balanced-match@4.0.4:
    resolution: {integrity: sha512-BLrgEcRTwX2o6gGxGOCNyMvGSp35YofuYzw9h1IMTRmKqttAZZVU67bdb9Pr2vUHA8+j3i2tJfjO6C6+4myGTA==}
    engines: {node: 18 || 20 || >=22}

  brace-expansion@5.0.6:
    resolution: {integrity: sha512-kLpxurY4Z4r9sgMsyG0Z9uzsBlgiU/EFKhj/h91/8yHu0edo7XuixOIH3VcJ8kkxs6/jPzoI6U9Vj3WqbMQ94g==}
    engines: {node: 18 || 20 || >=22}

  cjs-module-lexer@2.2.0:
    resolution: {integrity: sha512-4bHTS2YuzUvtoLjdy+98ykbNB5jS0+07EvFNXerqZQJ89F7DI6ET7OQo/HJuW6K0aVsKA9hj9/RVb2kQVOrPDQ==}

  cliui@8.0.1:
    resolution: {integrity: sha512-BSeNnyus75C4//NQ9gQt1/csTXyo/8Sb+afLAkzAptFuMsod9HFokGNudZpi/oQV73hnVK+sR+5PVRMd+Dr7YQ==}
    engines: {node: '>=12'}

  color-convert@2.0.1:
    resolution: {integrity: sha512-RRECPsj7iu/xb5oKYcsFHSppFNnsj/52OVTRKb4zP5onXwVF3zVmmToNcOfGC+CRDpfK/U584fMg38ZHCaElKQ==}
    engines: {node: '>=7.0.0'}

  color-name@1.1.4:
    resolution: {integrity: sha512-dOy+3AuW3a2wNbZHIuMZpTcgjGuLU/uBL/ubcZF9OXbDo8ff4O8yVp5Bf0efS8uEoYo5q4Fx7dY9OgQGXgAsQA==}

  debug@4.4.3:
    resolution: {integrity: sha512-RGwwWnwQvkVfavKVt22FGLw+xYSdzARwm0ru6DhTVA3umU5hZc28V3kO4stgYryrTlLpuvgI9GiijltAjNbcqA==}
    engines: {node: '>=6.0'}
    peerDependencies:
      supports-color: '*'
    peerDependenciesMeta:
      supports-color:
        optional: true

  detect-libc@2.1.2:
    resolution: {integrity: sha512-Btj2BOOO83o3WyH59e8MgXsxEQVcarkUOpEYrubB0urwnN10yQ364rsiByU11nZlqWYZm05i/of7io4mzihBtQ==}
    engines: {node: '>=8'}

  emoji-regex@8.0.0:
    resolution: {integrity: sha512-MSjYzcWNOA0ewAHpz0MxpYFvwg6yjy1NG3xteoqz644VCo/RPgnr1/GGt+ic3iJTzQ8Eu3TdM14SawnVUmGE6A==}

  entities@4.5.0:
    resolution: {integrity: sha512-V0hjH4dGPh9Ao5p0MoRY6BVqtwCjhz6vI5LT8AJ55H+4g9/4vbHx1I54fS0XuclLhDHArPQCiMjDxjaL8fPxhw==}
    engines: {node: '>=0.12'}

  escalade@3.2.0:
    resolution: {integrity: sha512-WUj2qlxaQtO4g6Pq5c29GTcWGDyd8itL8zTlipgECz3JesAiiOKotd8JU6otB3PACgG6xkJUyVhboMS+bje/jA==}
    engines: {node: '>=6'}

  get-caller-file@2.0.5:
    resolution: {integrity: sha512-DyFP3BM/3YHTQOCUL/w0OZHR0lpKeGrxotcHWcqNEdnltqFwXVfhEBQ94eIo34AfQpo0rGki4cyIiftY06h2Fg==}
    engines: {node: 6.* || 8.* || >= 10.*}

  import-in-the-middle@3.0.1:
    resolution: {integrity: sha512-pYkiyXVL2Mf3pozdlDGV6NAObxQx13Ae8knZk1UJRJ6uRW/ZRmTGHlQYtrsSl7ubuE5F8CD1z+s1n4RHNuTtuA==}
    engines: {node: '>=18'}

  is-fullwidth-code-point@3.0.0:
    resolution: {integrity: sha512-zymm5+u+sCsSWyD9qNaejV3DFvhCKclKdizYaJUuHA83RLjb7nSuGnddCHGv0hk+KY7BMAlsWeK4Ueg6EV6XQg==}
    engines: {node: '>=8'}

  linkify-it@5.0.1:
    resolution: {integrity: sha512-wVoTjP4Q6R0NW5hiZkVJaFZPWgtXfoGF+6LucL3/FtiNjmcHhYjEr5f1Kqjirc1nBW07J/ZuRFumqr2oqccEWg==}

  lodash.camelcase@4.3.0:
    resolution: {integrity: sha512-TwuEnCnxbc3rAvhf/LbG7tJUDzhqXyFnv3dtzLOPgCG/hODL7WFnsbwktkD7yUV0RrreP/l1PALq/YSg6VvjlA==}

  long@5.3.2:
    resolution: {integrity: sha512-mNAgZ1GmyNhD7AuqnTG3/VQ26o760+ZYBPKjPvugO8+nLbYfX6TVpJPseBvopbdY+qpZ/lKUnmEc1LeZYS3QAA==}

  lunr@2.3.9:
    resolution: {integrity: sha512-zTU3DaZaF3Rt9rhN3uBMGQD3dD2/vFQqnvZCDv4dl5iOzq2IZQqTxu90r4E5J+nP70J3ilqVCrbho2eWaeW8Ow==}

  markdown-it@14.2.0:
    resolution: {integrity: sha512-1TGiQiJVRQ3NPmZH6sx5Cfnmg6GQm9jvC1ch4TK511NjSJvjzKLzn5pPfZRNZkRPZP0HqCioSndqH8v2nRaWVQ==}
    hasBin: true

  mdurl@2.0.0:
    resolution: {integrity: sha512-Lf+9+2r+Tdp5wXDXC4PcIBjTDtq4UKjCPMQhKIuzpJNW0b96kVqSwW0bT7FhRSfmAiFYgP+SCRvdrDozfh0U5w==}

  minimatch@10.2.5:
    resolution: {integrity: sha512-MULkVLfKGYDFYejP07QOurDLLQpcjk7Fw+7jXS2R2czRQzR56yHRveU5NDJEOviH+hETZKSkIk5c+T23GjFUMg==}
    engines: {node: 18 || 20 || >=22}

  module-details-from-path@1.0.4:
    resolution: {integrity: sha512-EGWKgxALGMgzvxYF1UyGTy0HXX/2vHLkw6+NvDKW2jypWbHpjQuj4UMcqQWXHERJhVGKikolT06G3bcKe4fi7w==}

  ms@2.1.3:
    resolution: {integrity: sha512-6FlzubTLZG3J2a/NVCAleEhjzq5oxgHyaCU9yYXvcLsvoVaHJq/s5xXI6/XXP6tz7R9xAOtHnSO/tXtF3WRTlA==}

  protobufjs@8.4.2:
    resolution: {integrity: sha512-64rfNzkWOZAIazXzpBFPWq6F9up6gMvTzjE2oWIzApx2N/dqVUEE7+bCn2+40780dFVtKOUab8QfxJ6KJDWbqA==}
    engines: {node: '>=12.0.0'}

  punycode.js@2.3.1:
    resolution: {integrity: sha512-uxFIHU0YlHYhDQtV4R9J6a52SLx28BCjT+4ieh7IGbgwVJWO+km431c4yRlREUAsAmt/uMjQUyQHNEPf0M39CA==}
    engines: {node: '>=6'}

  require-directory@2.1.1:
    resolution: {integrity: sha512-fGxEI7+wsG9xrvdjsrlmL22OMTTiHRwAMroiEeMgq8gzoLC/PQr7RsRDSTLUg/bZAZtF+TVIkHc6/4RIKrui+Q==}
    engines: {node: '>=0.10.0'}

  require-in-the-middle@8.0.1:
    resolution: {integrity: sha512-QT7FVMXfWOYFbeRBF6nu+I6tr2Tf3u0q8RIEjNob/heKY/nh7drD/k7eeMFmSQgnTtCzLDcCu/XEnpW2wk4xCQ==}
    engines: {node: '>=9.3.0 || >=8.10.0 <9.0.0'}

  sql.js@1.14.1:
    resolution: {integrity: sha512-gcj8zBWU5cFsi9WUP+4bFNXAyF1iRpA3LLyS/DP5xlrNzGmPIizUeBggKa8DbDwdqaKwUcTEnChtd2grWo/x/A==}

  string-width@4.2.3:
    resolution: {integrity: sha512-wKyQRQpjJ0sIp62ErSZdGsjMJWsap5oRNihHhu6G7JVO/9jIB6UyevL+tXuOqrng8j/cxKTWyWUwvSTriiZz/g==}
    engines: {node: '>=8'}

  strip-ansi@6.0.1:
    resolution: {integrity: sha512-Y38VPSHcqkFrCpFnQ9vuSXmquuv5oXOKpGeT6aGrr3o3Gc9AlVa6JBfUSOCnbxGGZF+/0ooI7KrPuUSztUdU5A==}
    engines: {node: '>=8'}

  typedoc-plugin-markdown@4.11.0:
    resolution: {integrity: sha512-2iunh2ALyfyh204OF7h2u0kuQ84xB3jFZtFyUr01nThJkLvR8oGGSSDlyt2gyO4kXhvUxDcVbO0y43+qX+wFbw==}
    engines: {node: '>= 18'}
    peerDependencies:
      typedoc: 0.28.x

  typedoc@0.28.19:
    resolution: {integrity: sha512-wKh+lhdmMFivMlc6vRRcMGXeGEHGU2g8a2CkPTJjJlwRf1iXbimWIPcFolCqe4E0d/FRtGszpIrsp3WLpDB8Pw==}
    engines: {node: '>= 18', pnpm: '>= 10'}
    hasBin: true
    peerDependencies:
      typescript: 5.0.x || 5.1.x || 5.2.x || 5.3.x || 5.4.x || 5.5.x || 5.6.x || 5.7.x || 5.8.x || 5.9.x || 6.0.x

  typescript@5.9.3:
    resolution: {integrity: sha512-jl1vZzPDinLr9eUt3J/t7V6FgNEw9QjvBPdysz9KfQDD41fQrC2Y4vKQdiaUpFT4bXlb1RHhLpp8wtm6M5TgSw==}
    engines: {node: '>=14.17'}
    hasBin: true

  uc.micro@2.1.0:
    resolution: {integrity: sha512-ARDJmphmdvUk6Glw7y9DQ2bFkKBHwQHLi2lsaH6PPmz/Ka9sFOBsBluozhDltWmnv9u/cF6Rt87znRTPV+yp/A==}

  undici-types@6.21.0:
    resolution: {integrity: sha512-iwDZqg0QAGrg9Rav5H4n0M64c3mkR59cJ6wQp+7C4nI0gsmExaedaYLNO44eT4AtBBwjbTiGPMlt2Md0T9H9JQ==}

  vscode-jsonrpc@8.2.1:
    resolution: {integrity: sha512-kdjOSJ2lLIn7r1rtrMbbNCHjyMPfRnowdKjBQ+mGq6NAW5QY2bEZC/khaC5OR8svbbjvLEaIXkOq45e2X9BIbQ==}
    engines: {node: '>=14.0.0'}

  wrap-ansi@7.0.0:
    resolution: {integrity: sha512-YVGIj2kamLSTxw6NsZjoBxfSwsn0ycdesmc4p+Q21c5zPuZ1pl+NfxVdxPtdHvmNVOQ6XSYG4AUtyt/Fi7D16Q==}
    engines: {node: '>=10'}

  ws@8.21.0:
    resolution: {integrity: sha512-Vsp28b7DRcimFQvrqu2Wek3z1iYxDCWqHYB8Qsnk/S4RfaCQzPGPyBNuVjJV3cd6UiKtUtp6sNM77gWvzcCH+g==}
    engines: {node: '>=10.0.0'}
    peerDependencies:
      bufferutil: ^4.0.1
      utf-8-validate: '>=5.0.2'
    peerDependenciesMeta:
      bufferutil:
        optional: true
      utf-8-validate:
        optional: true

  y18n@5.0.8:
    resolution: {integrity: sha512-0pfFzegeDWJHJIAmTLRP2DwHjdF5s7jo9tuztdQxAhINCdvS+3nGINqPd00AphqJR/0LhANUS6/+7SCb98YOfA==}
    engines: {node: '>=10'}

  yaml@2.9.0:
    resolution: {integrity: sha512-2AvhNX3mb8zd6Zy7INTtSpl1F15HW6Wnqj0srWlkKLcpYl/gMIMJiyuGq2KeI2YFxUPjdlB+3Lc10seMLtL4cA==}
    engines: {node: '>= 14.6'}
    hasBin: true

  yargs-parser@21.1.1:
    resolution: {integrity: sha512-tVpsJW7DdjecAiFpbIB1e3qxIQsE6NoPc5/eTdrbbIC4h0LVsWhnoa3g+m2HclBIujHzsxZ4VJVA+GUuc2/LBw==}
    engines: {node: '>=12'}

  yargs@17.7.2:
    resolution: {integrity: sha512-7dSzzRQ++CKnNI/krKnYRV7JKKPUXMEh61soaHKg9mrWEhzFWhFnxPxGl+69cD1Ou63C13NUPCnmIcrvqCuM6w==}
    engines: {node: '>=12'}

  zod@4.4.3:
    resolution: {integrity: sha512-ytENFjIJFl2UwYglde2jchW2Hwm4GJFLDiSXWdTrJQBIN9Fcyp7n4DhxJEiWNAJMV1/BqWfW/kkg71UDcHJyTQ==}

snapshots:

  '@gerrit0/mini-shiki@3.23.0':
    dependencies:
      '@shikijs/engine-oniguruma': 3.23.0
      '@shikijs/langs': 3.23.0
      '@shikijs/themes': 3.23.0
      '@shikijs/types': 3.23.0
      '@shikijs/vscode-textmate': 10.0.2

  '@github/copilot-darwin-arm64@1.0.52':
    optional: true

  '@github/copilot-darwin-x64@1.0.52':
    optional: true

  '@github/copilot-linux-arm64@1.0.52':
    optional: true

  '@github/copilot-linux-x64@1.0.52':
    optional: true

  '@github/copilot-linuxmusl-arm64@1.0.52':
    optional: true

  '@github/copilot-linuxmusl-x64@1.0.52':
    optional: true

  '@github/copilot-sdk@0.3.0':
    dependencies:
      '@github/copilot': 1.0.52
      vscode-jsonrpc: 8.2.1
      zod: 4.4.3

  '@github/copilot-win32-arm64@1.0.52':
    optional: true

  '@github/copilot-win32-x64@1.0.52':
    optional: true

  '@github/copilot@1.0.52':
    dependencies:
      detect-libc: 2.1.2
    optionalDependencies:
      '@github/copilot-darwin-arm64': 1.0.52
      '@github/copilot-darwin-x64': 1.0.52
      '@github/copilot-linux-arm64': 1.0.52
      '@github/copilot-linux-x64': 1.0.52
      '@github/copilot-linuxmusl-arm64': 1.0.52
      '@github/copilot-linuxmusl-x64': 1.0.52
      '@github/copilot-win32-arm64': 1.0.52
      '@github/copilot-win32-x64': 1.0.52

  '@grpc/grpc-js@1.14.4':
    dependencies:
      '@grpc/proto-loader': 0.8.1
      '@js-sdsl/ordered-map': 4.4.2
    optional: true

  '@grpc/proto-loader@0.8.1':
    dependencies:
      lodash.camelcase: 4.3.0
      long: 5.3.2
      protobufjs: 8.4.2
      yargs: 17.7.2
    optional: true

  '@js-sdsl/ordered-map@4.4.2':
    optional: true

  '@opentelemetry/api-logs@0.217.0':
    dependencies:
      '@opentelemetry/api': 1.9.1
    optional: true

  '@opentelemetry/api@1.9.1':
    optional: true

  '@opentelemetry/configuration@0.217.0(@opentelemetry/api@1.9.1)':
    dependencies:
      '@opentelemetry/api': 1.9.1
      '@opentelemetry/core': 2.7.1(@opentelemetry/api@1.9.1)
      yaml: 2.9.0
    optional: true

  '@opentelemetry/context-async-hooks@2.7.1(@opentelemetry/api@1.9.1)':
    dependencies:
      '@opentelemetry/api': 1.9.1
    optional: true

  '@opentelemetry/core@2.7.1(@opentelemetry/api@1.9.1)':
    dependencies:
      '@opentelemetry/api': 1.9.1
      '@opentelemetry/semantic-conventions': 1.41.1
    optional: true

  '@opentelemetry/exporter-logs-otlp-grpc@0.217.0(@opentelemetry/api@1.9.1)':
    dependencies:
      '@grpc/grpc-js': 1.14.4
      '@opentelemetry/api': 1.9.1
      '@opentelemetry/core': 2.7.1(@opentelemetry/api@1.9.1)
      '@opentelemetry/otlp-exporter-base': 0.217.0(@opentelemetry/api@1.9.1)
      '@opentelemetry/otlp-grpc-exporter-base': 0.217.0(@opentelemetry/api@1.9.1)
      '@opentelemetry/otlp-transformer': 0.217.0(@opentelemetry/api@1.9.1)
      '@opentelemetry/sdk-logs': 0.217.0(@opentelemetry/api@1.9.1)
    optional: true

  '@opentelemetry/exporter-logs-otlp-http@0.217.0(@opentelemetry/api@1.9.1)':
    dependencies:
      '@opentelemetry/api': 1.9.1
      '@opentelemetry/api-logs': 0.217.0
      '@opentelemetry/core': 2.7.1(@opentelemetry/api@1.9.1)
      '@opentelemetry/otlp-exporter-base': 0.217.0(@opentelemetry/api@1.9.1)
      '@opentelemetry/otlp-transformer': 0.217.0(@opentelemetry/api@1.9.1)
      '@opentelemetry/sdk-logs': 0.217.0(@opentelemetry/api@1.9.1)
    optional: true

  '@opentelemetry/exporter-logs-otlp-proto@0.217.0(@opentelemetry/api@1.9.1)':
    dependencies:
      '@opentelemetry/api': 1.9.1
      '@opentelemetry/api-logs': 0.217.0
      '@opentelemetry/core': 2.7.1(@opentelemetry/api@1.9.1)
      '@opentelemetry/otlp-exporter-base': 0.217.0(@opentelemetry/api@1.9.1)
      '@opentelemetry/otlp-transformer': 0.217.0(@opentelemetry/api@1.9.1)
      '@opentelemetry/resources': 2.7.1(@opentelemetry/api@1.9.1)
      '@opentelemetry/sdk-logs': 0.217.0(@opentelemetry/api@1.9.1)
      '@opentelemetry/sdk-trace-base': 2.7.1(@opentelemetry/api@1.9.1)
    optional: true

  '@opentelemetry/exporter-metrics-otlp-grpc@0.217.0(@opentelemetry/api@1.9.1)':
    dependencies:
      '@grpc/grpc-js': 1.14.4
      '@opentelemetry/api': 1.9.1
      '@opentelemetry/core': 2.7.1(@opentelemetry/api@1.9.1)
      '@opentelemetry/exporter-metrics-otlp-http': 0.217.0(@opentelemetry/api@1.9.1)
      '@opentelemetry/otlp-exporter-base': 0.217.0(@opentelemetry/api@1.9.1)
      '@opentelemetry/otlp-grpc-exporter-base': 0.217.0(@opentelemetry/api@1.9.1)
      '@opentelemetry/otlp-transformer': 0.217.0(@opentelemetry/api@1.9.1)
      '@opentelemetry/resources': 2.7.1(@opentelemetry/api@1.9.1)
      '@opentelemetry/sdk-metrics': 2.7.1(@opentelemetry/api@1.9.1)
    optional: true

  '@opentelemetry/exporter-metrics-otlp-http@0.217.0(@opentelemetry/api@1.9.1)':
    dependencies:
      '@opentelemetry/api': 1.9.1
      '@opentelemetry/core': 2.7.1(@opentelemetry/api@1.9.1)
      '@opentelemetry/otlp-exporter-base': 0.217.0(@opentelemetry/api@1.9.1)
      '@opentelemetry/otlp-transformer': 0.217.0(@opentelemetry/api@1.9.1)
      '@opentelemetry/resources': 2.7.1(@opentelemetry/api@1.9.1)
      '@opentelemetry/sdk-metrics': 2.7.1(@opentelemetry/api@1.9.1)
    optional: true

  '@opentelemetry/exporter-metrics-otlp-proto@0.217.0(@opentelemetry/api@1.9.1)':
    dependencies:
      '@opentelemetry/api': 1.9.1
      '@opentelemetry/core': 2.7.1(@opentelemetry/api@1.9.1)
      '@opentelemetry/exporter-metrics-otlp-http': 0.217.0(@opentelemetry/api@1.9.1)
      '@opentelemetry/otlp-exporter-base': 0.217.0(@opentelemetry/api@1.9.1)
      '@opentelemetry/otlp-transformer': 0.217.0(@opentelemetry/api@1.9.1)
      '@opentelemetry/resources': 2.7.1(@opentelemetry/api@1.9.1)
      '@opentelemetry/sdk-metrics': 2.7.1(@opentelemetry/api@1.9.1)
    optional: true

  '@opentelemetry/exporter-prometheus@0.217.0(@opentelemetry/api@1.9.1)':
    dependencies:
      '@opentelemetry/api': 1.9.1
      '@opentelemetry/core': 2.7.1(@opentelemetry/api@1.9.1)
      '@opentelemetry/resources': 2.7.1(@opentelemetry/api@1.9.1)
      '@opentelemetry/sdk-metrics': 2.7.1(@opentelemetry/api@1.9.1)
      '@opentelemetry/semantic-conventions': 1.41.1
    optional: true

  '@opentelemetry/exporter-trace-otlp-grpc@0.217.0(@opentelemetry/api@1.9.1)':
    dependencies:
      '@grpc/grpc-js': 1.14.4
      '@opentelemetry/api': 1.9.1
      '@opentelemetry/core': 2.7.1(@opentelemetry/api@1.9.1)
      '@opentelemetry/otlp-exporter-base': 0.217.0(@opentelemetry/api@1.9.1)
      '@opentelemetry/otlp-grpc-exporter-base': 0.217.0(@opentelemetry/api@1.9.1)
      '@opentelemetry/otlp-transformer': 0.217.0(@opentelemetry/api@1.9.1)
      '@opentelemetry/resources': 2.7.1(@opentelemetry/api@1.9.1)
      '@opentelemetry/sdk-trace-base': 2.7.1(@opentelemetry/api@1.9.1)
    optional: true

  '@opentelemetry/exporter-trace-otlp-http@0.217.0(@opentelemetry/api@1.9.1)':
    dependencies:
      '@opentelemetry/api': 1.9.1
      '@opentelemetry/core': 2.7.1(@opentelemetry/api@1.9.1)
      '@opentelemetry/otlp-exporter-base': 0.217.0(@opentelemetry/api@1.9.1)
      '@opentelemetry/otlp-transformer': 0.217.0(@opentelemetry/api@1.9.1)
      '@opentelemetry/resources': 2.7.1(@opentelemetry/api@1.9.1)
      '@opentelemetry/sdk-trace-base': 2.7.1(@opentelemetry/api@1.9.1)
    optional: true

  '@opentelemetry/exporter-trace-otlp-proto@0.217.0(@opentelemetry/api@1.9.1)':
    dependencies:
      '@opentelemetry/api': 1.9.1
      '@opentelemetry/core': 2.7.1(@opentelemetry/api@1.9.1)
      '@opentelemetry/otlp-exporter-base': 0.217.0(@opentelemetry/api@1.9.1)
      '@opentelemetry/otlp-transformer': 0.217.0(@opentelemetry/api@1.9.1)
      '@opentelemetry/resources': 2.7.1(@opentelemetry/api@1.9.1)
      '@opentelemetry/sdk-trace-base': 2.7.1(@opentelemetry/api@1.9.1)
    optional: true

  '@opentelemetry/exporter-zipkin@2.7.1(@opentelemetry/api@1.9.1)':
    dependencies:
      '@opentelemetry/api': 1.9.1
      '@opentelemetry/core': 2.7.1(@opentelemetry/api@1.9.1)
      '@opentelemetry/resources': 2.7.1(@opentelemetry/api@1.9.1)
      '@opentelemetry/sdk-trace-base': 2.7.1(@opentelemetry/api@1.9.1)
      '@opentelemetry/semantic-conventions': 1.41.1
    optional: true

  '@opentelemetry/instrumentation@0.217.0(@opentelemetry/api@1.9.1)':
    dependencies:
      '@opentelemetry/api': 1.9.1
      '@opentelemetry/api-logs': 0.217.0
      import-in-the-middle: 3.0.1
      require-in-the-middle: 8.0.1
    transitivePeerDependencies:
      - supports-color
    optional: true

  '@opentelemetry/otlp-exporter-base@0.217.0(@opentelemetry/api@1.9.1)':
    dependencies:
      '@opentelemetry/api': 1.9.1
      '@opentelemetry/core': 2.7.1(@opentelemetry/api@1.9.1)
      '@opentelemetry/otlp-transformer': 0.217.0(@opentelemetry/api@1.9.1)
    optional: true

  '@opentelemetry/otlp-grpc-exporter-base@0.217.0(@opentelemetry/api@1.9.1)':
    dependencies:
      '@grpc/grpc-js': 1.14.4
      '@opentelemetry/api': 1.9.1
      '@opentelemetry/core': 2.7.1(@opentelemetry/api@1.9.1)
      '@opentelemetry/otlp-exporter-base': 0.217.0(@opentelemetry/api@1.9.1)
      '@opentelemetry/otlp-transformer': 0.217.0(@opentelemetry/api@1.9.1)
    optional: true

  '@opentelemetry/otlp-transformer@0.217.0(@opentelemetry/api@1.9.1)':
    dependencies:
      '@opentelemetry/api': 1.9.1
      '@opentelemetry/api-logs': 0.217.0
      '@opentelemetry/core': 2.7.1(@opentelemetry/api@1.9.1)
      '@opentelemetry/resources': 2.7.1(@opentelemetry/api@1.9.1)
      '@opentelemetry/sdk-logs': 0.217.0(@opentelemetry/api@1.9.1)
      '@opentelemetry/sdk-metrics': 2.7.1(@opentelemetry/api@1.9.1)
      '@opentelemetry/sdk-trace-base': 2.7.1(@opentelemetry/api@1.9.1)
      protobufjs: 8.4.2
    optional: true

  '@opentelemetry/propagator-b3@2.7.1(@opentelemetry/api@1.9.1)':
    dependencies:
      '@opentelemetry/api': 1.9.1
      '@opentelemetry/core': 2.7.1(@opentelemetry/api@1.9.1)
    optional: true

  '@opentelemetry/propagator-jaeger@2.7.1(@opentelemetry/api@1.9.1)':
    dependencies:
      '@opentelemetry/api': 1.9.1
      '@opentelemetry/core': 2.7.1(@opentelemetry/api@1.9.1)
    optional: true

  '@opentelemetry/resources@2.7.1(@opentelemetry/api@1.9.1)':
    dependencies:
      '@opentelemetry/api': 1.9.1
      '@opentelemetry/core': 2.7.1(@opentelemetry/api@1.9.1)
      '@opentelemetry/semantic-conventions': 1.41.1
    optional: true

  '@opentelemetry/sdk-logs@0.217.0(@opentelemetry/api@1.9.1)':
    dependencies:
      '@opentelemetry/api': 1.9.1
      '@opentelemetry/api-logs': 0.217.0
      '@opentelemetry/core': 2.7.1(@opentelemetry/api@1.9.1)
      '@opentelemetry/resources': 2.7.1(@opentelemetry/api@1.9.1)
      '@opentelemetry/semantic-conventions': 1.41.1
    optional: true

  '@opentelemetry/sdk-metrics@2.7.1(@opentelemetry/api@1.9.1)':
    dependencies:
      '@opentelemetry/api': 1.9.1
      '@opentelemetry/core': 2.7.1(@opentelemetry/api@1.9.1)
      '@opentelemetry/resources': 2.7.1(@opentelemetry/api@1.9.1)
    optional: true

  '@opentelemetry/sdk-node@0.217.0(@opentelemetry/api@1.9.1)':
    dependencies:
      '@opentelemetry/api': 1.9.1
      '@opentelemetry/api-logs': 0.217.0
      '@opentelemetry/configuration': 0.217.0(@opentelemetry/api@1.9.1)
      '@opentelemetry/context-async-hooks': 2.7.1(@opentelemetry/api@1.9.1)
      '@opentelemetry/core': 2.7.1(@opentelemetry/api@1.9.1)
      '@opentelemetry/exporter-logs-otlp-grpc': 0.217.0(@opentelemetry/api@1.9.1)
      '@opentelemetry/exporter-logs-otlp-http': 0.217.0(@opentelemetry/api@1.9.1)
      '@opentelemetry/exporter-logs-otlp-proto': 0.217.0(@opentelemetry/api@1.9.1)
      '@opentelemetry/exporter-metrics-otlp-grpc': 0.217.0(@opentelemetry/api@1.9.1)
      '@opentelemetry/exporter-metrics-otlp-http': 0.217.0(@opentelemetry/api@1.9.1)
      '@opentelemetry/exporter-metrics-otlp-proto': 0.217.0(@opentelemetry/api@1.9.1)
      '@opentelemetry/exporter-prometheus': 0.217.0(@opentelemetry/api@1.9.1)
      '@opentelemetry/exporter-trace-otlp-grpc': 0.217.0(@opentelemetry/api@1.9.1)
      '@opentelemetry/exporter-trace-otlp-http': 0.217.0(@opentelemetry/api@1.9.1)
      '@opentelemetry/exporter-trace-otlp-proto': 0.217.0(@opentelemetry/api@1.9.1)
      '@opentelemetry/exporter-zipkin': 2.7.1(@opentelemetry/api@1.9.1)
      '@opentelemetry/instrumentation': 0.217.0(@opentelemetry/api@1.9.1)
      '@opentelemetry/otlp-exporter-base': 0.217.0(@opentelemetry/api@1.9.1)
      '@opentelemetry/propagator-b3': 2.7.1(@opentelemetry/api@1.9.1)
      '@opentelemetry/propagator-jaeger': 2.7.1(@opentelemetry/api@1.9.1)
      '@opentelemetry/resources': 2.7.1(@opentelemetry/api@1.9.1)
      '@opentelemetry/sdk-logs': 0.217.0(@opentelemetry/api@1.9.1)
      '@opentelemetry/sdk-metrics': 2.7.1(@opentelemetry/api@1.9.1)
      '@opentelemetry/sdk-trace-base': 2.7.1(@opentelemetry/api@1.9.1)
      '@opentelemetry/sdk-trace-node': 2.7.1(@opentelemetry/api@1.9.1)
      '@opentelemetry/semantic-conventions': 1.41.1
    transitivePeerDependencies:
      - supports-color
    optional: true

  '@opentelemetry/sdk-trace-base@2.7.1(@opentelemetry/api@1.9.1)':
    dependencies:
      '@opentelemetry/api': 1.9.1
      '@opentelemetry/core': 2.7.1(@opentelemetry/api@1.9.1)
      '@opentelemetry/resources': 2.7.1(@opentelemetry/api@1.9.1)
      '@opentelemetry/semantic-conventions': 1.41.1
    optional: true

  '@opentelemetry/sdk-trace-node@2.7.1(@opentelemetry/api@1.9.1)':
    dependencies:
      '@opentelemetry/api': 1.9.1
      '@opentelemetry/context-async-hooks': 2.7.1(@opentelemetry/api@1.9.1)
      '@opentelemetry/core': 2.7.1(@opentelemetry/api@1.9.1)
      '@opentelemetry/sdk-trace-base': 2.7.1(@opentelemetry/api@1.9.1)
    optional: true

  '@opentelemetry/semantic-conventions@1.41.1':
    optional: true

  '@shikijs/engine-oniguruma@3.23.0':
    dependencies:
      '@shikijs/types': 3.23.0
      '@shikijs/vscode-textmate': 10.0.2

  '@shikijs/langs@3.23.0':
    dependencies:
      '@shikijs/types': 3.23.0

  '@shikijs/themes@3.23.0':
    dependencies:
      '@shikijs/types': 3.23.0

  '@shikijs/types@3.23.0':
    dependencies:
      '@shikijs/vscode-textmate': 10.0.2
      '@types/hast': 3.0.4

  '@shikijs/vscode-textmate@10.0.2': {}

  '@types/emscripten@1.41.5': {}

  '@types/hast@3.0.4':
    dependencies:
      '@types/unist': 3.0.3

  '@types/node@22.19.19':
    dependencies:
      undici-types: 6.21.0

  '@types/sql.js@1.4.11':
    dependencies:
      '@types/emscripten': 1.41.5
      '@types/node': 22.19.19

  '@types/unist@3.0.3': {}

  '@types/ws@8.18.1':
    dependencies:
      '@types/node': 22.19.19

  acorn-import-attributes@1.9.5(acorn@8.16.0):
    dependencies:
      acorn: 8.16.0
    optional: true

  acorn@8.16.0:
    optional: true

  ansi-regex@5.0.1:
    optional: true

  ansi-styles@4.3.0:
    dependencies:
      color-convert: 2.0.1
    optional: true

  argparse@2.0.1: {}

  balanced-match@4.0.4: {}

  brace-expansion@5.0.6:
    dependencies:
      balanced-match: 4.0.4

  cjs-module-lexer@2.2.0:
    optional: true

  cliui@8.0.1:
    dependencies:
      string-width: 4.2.3
      strip-ansi: 6.0.1
      wrap-ansi: 7.0.0
    optional: true

  color-convert@2.0.1:
    dependencies:
      color-name: 1.1.4
    optional: true

  color-name@1.1.4:
    optional: true

  debug@4.4.3:
    dependencies:
      ms: 2.1.3
    optional: true

  detect-libc@2.1.2: {}

  emoji-regex@8.0.0:
    optional: true

  entities@4.5.0: {}

  escalade@3.2.0:
    optional: true

  get-caller-file@2.0.5:
    optional: true

  import-in-the-middle@3.0.1:
    dependencies:
      acorn: 8.16.0
      acorn-import-attributes: 1.9.5(acorn@8.16.0)
      cjs-module-lexer: 2.2.0
      module-details-from-path: 1.0.4
    optional: true

  is-fullwidth-code-point@3.0.0:
    optional: true

  linkify-it@5.0.1:
    dependencies:
      uc.micro: 2.1.0

  lodash.camelcase@4.3.0:
    optional: true

  long@5.3.2:
    optional: true

  lunr@2.3.9: {}

  markdown-it@14.2.0:
    dependencies:
      argparse: 2.0.1
      entities: 4.5.0
      linkify-it: 5.0.1
      mdurl: 2.0.0
      punycode.js: 2.3.1
      uc.micro: 2.1.0

  mdurl@2.0.0: {}

  minimatch@10.2.5:
    dependencies:
      brace-expansion: 5.0.6

  module-details-from-path@1.0.4:
    optional: true

  ms@2.1.3:
    optional: true

  protobufjs@8.4.2:
    dependencies:
      long: 5.3.2
    optional: true

  punycode.js@2.3.1: {}

  require-directory@2.1.1:
    optional: true

  require-in-the-middle@8.0.1:
    dependencies:
      debug: 4.4.3
      module-details-from-path: 1.0.4
    transitivePeerDependencies:
      - supports-color
    optional: true

  sql.js@1.14.1:
    optional: true

  string-width@4.2.3:
    dependencies:
      emoji-regex: 8.0.0
      is-fullwidth-code-point: 3.0.0
      strip-ansi: 6.0.1
    optional: true

  strip-ansi@6.0.1:
    dependencies:
      ansi-regex: 5.0.1
    optional: true

  typedoc-plugin-markdown@4.11.0(typedoc@0.28.19(typescript@5.9.3)):
    dependencies:
      typedoc: 0.28.19(typescript@5.9.3)

  typedoc@0.28.19(typescript@5.9.3):
    dependencies:
      '@gerrit0/mini-shiki': 3.23.0
      lunr: 2.3.9
      markdown-it: 14.2.0
      minimatch: 10.2.5
      typescript: 5.9.3
      yaml: 2.9.0

  typescript@5.9.3: {}

  uc.micro@2.1.0: {}

  undici-types@6.21.0: {}

  vscode-jsonrpc@8.2.1: {}

  wrap-ansi@7.0.0:
    dependencies:
      ansi-styles: 4.3.0
      string-width: 4.2.3
      strip-ansi: 6.0.1
    optional: true

  ws@8.21.0:
    optional: true

  y18n@5.0.8:
    optional: true

  yaml@2.9.0: {}

  yargs-parser@21.1.1:
    optional: true

  yargs@17.7.2:
    dependencies:
      cliui: 8.0.1
      escalade: 3.2.0
      get-caller-file: 2.0.5
      require-directory: 2.1.1
      string-width: 4.2.3
      y18n: 5.0.8
      yargs-parser: 21.1.1
    optional: true

  zod@4.4.3: {}
